<?xml version="1.0" encoding="UTF-8" standalone="yes" ?>
<CodeBlocks_project_file>
	<FileVersion major="1" minor="6" />
	<Project>
		<Option title="Minecraft2D" />
		<Option pch_mode="2" />
		<Option compiler="gcc" />
		<Build>
			<Target title="Win32">
				<Option output="bin/Debug/Minecraft2D" prefix_auto="1" extension_auto="1" />
				<Option object_output="obj/Debug/" />
				<Option type="1" />
				<Option compiler="gcc" />
				<Option parameters="--debug" />
				<Compiler>
					<Add option="-std=c++0x" />
					<Add option="-g" />
					<Add directory="C:/Users/allah/Desktop/rpg++2/rpg++2/Libraries/Win32/SDL2-2.0.3/i686-w64-mingw32/include" />
					<Add directory="C:/Users/allah/Desktop/rpg++2/rpg++2/Libraries/Win32/SDL2_image-2.0.0/i686-w64-mingw32/include" />
					<Add directory="C:/Users/allah/Desktop/rpg++2/rpg++2/Libraries/Win32/SDL2_mixer-2.0.0/i686-w64-mingw32/include" />
					<Add directory="/usr/include/SDL2" />
					<Add directory="include" />
				</Compiler>
				<Linker>
					<Add option="-lmingw32  -lSDL2main -lSDL2 -lSDL2_image -lSDL2_mixer -lSDL2_ttf" />
					<Add directory="C:/Users/allah/Desktop/rpg++2/rpg++2/Libraries/Win32/SDL2-2.0.3/i686-w64-mingw32/lib" />
					<Add directory="C:/Users/allah/Desktop/rpg++2/rpg++2/Libraries/Win32/SDL2_mixer-2.0.0/i686-w64-mingw32/lib" />
					<Add directory="C:/Users/allah/Desktop/rpg++2/rpg++2/Libraries/Win32/SDL2_image-2.0.0/i686-w64-mingw32/lib" />
				</Linker>
			</Target>
			<Target title="Release">
				<Option output="bin/Release/Minecraft2D" prefix_auto="1" extension_auto="1" />
				<Option object_output="obj/Release/" />
				<Option type="1" />
				<Option compiler="gcc" />
				<Compiler>
					<Add option="-O2" />
					<Add directory="include" />
				</Compiler>
				<Linker>
					<Add option="-s" />
				</Linker>
			</Target>
			<Target title="Nix">
				<Option platforms="Unix;" />
				<Option output="bin/Nix/Minecraft2D" prefix_auto="1" extension_auto="1" />
				<Option object_output="obj/nix" />
				<Option type="1" />
				<Option compiler="gcc" />
				<Compiler>
					<Add option="-std=c++0x" />
					<Add option="-g" />
					<Add directory="/usr/include/SDL2" />
					<Add directory="include" />
				</Compiler>
				<Linker>
					<Add option="-lSDL2 -lSDL2_image -lSDL2_mixer -lSDL2_ttf" />
				</Linker>
			</Target>
		</Build>
		<Compiler>
			<Add option="-Wall" />
			<Add option="-fexceptions" />
			<Add directory="C:/Users/allah/Desktop/SDL2-2.0.3/include" />
		</Compiler>
		<Unit filename="GameWindow.cpp">
			<Option weight="100" />
		</Unit>
		<Unit filename="GameWindow.h" />
		<Unit filename="SpriteBatch.cpp" />
		<Unit filename="SpriteBatch.h" />
		<Unit filename="include/ContentManager.h" />
		<Unit filename="include/InputHandler.h" />
		<Unit filename="include/Screen.h" />
		<Unit filename="include/Sprite.h" />
		<Unit filename="include/TestScreen.h" />
		<Unit filename="main.cpp" />
		<Unit filename="src/ContentManager.cpp" />
		<Unit filename="src/InputHandler.cpp" />
		<Unit filename="src/Screens/TestScreen.cpp" />
		<Unit filename="src/Sprite.cpp" />
		<Extensions>
			<code_completion />
			<debugger />
			<envvars />
		</Extensions>
	</Project>
</CodeBlocks_project_file>
