<?xml version="1.0" encoding="UTF-8" standalone="yes" ?>
<CodeBlocks_project_file>
	<FileVersion major="1" minor="6" />
	<Project>
		<Option title="MTechEngine" />
		<Option pch_mode="2" />
		<Option compiler="gcc" />
		<Build>
			<Target title="Win32">
				<Option output="bin/Debug/MTechEngine" prefix_auto="1" extension_auto="1" />
				<Option object_output="obj/Debug/" />
				<Option type="1" />
				<Option compiler="gcc" />
				<Option parameters="--debug" />
				<Compiler>
					<Add option="-std=c++0x" />
					<Add option="-g" />
					<Add option="-D_WIN32" />
					<Add directory="Libraries/Win32/Stripped/include/SDL2" />
					<Add directory="Libraries/Win32/Stripped/include/lua" />
					<Add directory="include" />
				</Compiler>
				<Linker>
					<Add option="-lmingw32  -lSDL2main -lSDL2 -lSDL2_image -lSDL2_mixer -lSDL2_ttf -llua5.1" />
					<Add directory="Libraries/Win32/Stripped/lib" />
				</Linker>
			</Target>
			<Target title="Release">
				<Option output="bin/Release/MTechEngine" prefix_auto="1" extension_auto="1" />
				<Option object_output="obj/Release/" />
				<Option type="1" />
				<Option compiler="gcc" />
				<Compiler>
					<Add option="-O2" />
					<Add directory="include" />
				</Compiler>
				<Linker>
					<Add option="-s" />
				</Linker>
			</Target>
			<Target title="Nix">
				<Option platforms="Unix;" />
				<Option output="bin/Nix/MTechEngine" prefix_auto="1" extension_auto="1" />
				<Option object_output="obj/nix" />
				<Option type="1" />
				<Option compiler="gcc" />
				<Compiler>
					<Add option="-std=c++0x" />
					<Add option="-g" />
					<Add directory="/usr/include/SDL2" />
					<Add directory="include" />
					<Add directory="/usr/include/lua5.1" />
				</Compiler>
				<Linker>
					<Add option="-lSDL2 -lSDL2_image -lSDL2_mixer -lSDL2_ttf -llua5.1" />
				</Linker>
			</Target>
		</Build>
		<Compiler>
			<Add option="-Wall" />
			<Add option="-fexceptions" />
			<Add directory="C:/Users/allah/Desktop/SDL2-2.0.3/include" />
		</Compiler>
		<Unit filename="include/Camera2d.h" />
		<Unit filename="include/ContentManager.h" />
		<Unit filename="include/GameWindow.h" />
		<Unit filename="include/InputHandler.h" />
		<Unit filename="include/LuaBlockConfigLoader.h" />
		<Unit filename="include/LuaBlockWrapper.h" />
		<Unit filename="include/LuaCameraWrapper.h" />
		<Unit filename="include/LuaContentManager.h" />
		<Unit filename="include/LuaEventHandlerWrapper.h" />
		<Unit filename="include/LuaSDL_Texture.h" />
		<Unit filename="include/LuaSpriteBatch.h" />
		<Unit filename="include/Menu.h" />
		<Unit filename="include/MessageBox.h" />
		<Unit filename="include/Screen.h">
			<Option weight="75" />
		</Unit>
		<Unit filename="include/ScreenManager.h" />
		<Unit filename="include/SoundMixer.h" />
		<Unit filename="include/SplashScreen.h" />
		<Unit filename="include/Sprite.h" />
		<Unit filename="include/SpriteBatch.h" />
		<Unit filename="include/StandardColors.h" />
		<Unit filename="include/TestScreen.h" />
		<Unit filename="include/Tile.h" />
		<Unit filename="include/TitleScreen.h" />
		<Unit filename="include/_vector2i.h" />
		<Unit filename="include/global_vars.h" />
		<Unit filename="include/luna.h" />
		<Unit filename="main.cpp" />
		<Unit filename="src/Camera2d.cpp" />
		<Unit filename="src/ContentManager.cpp" />
		<Unit filename="src/GameWindow.cpp" />
		<Unit filename="src/InputHandler.cpp" />
		<Unit filename="src/LuaBlockConfigLoader.cpp" />
		<Unit filename="src/LuaBlockWrapper.cpp" />
		<Unit filename="src/LuaCameraWrapper.cpp" />
		<Unit filename="src/LuaContentManager.cpp" />
		<Unit filename="src/LuaEventHandlerWrapper.cpp" />
		<Unit filename="src/LuaSDL_Texture.cpp" />
		<Unit filename="src/LuaSpriteBatch.cpp" />
		<Unit filename="src/Menu.cpp" />
		<Unit filename="src/MessageBox.cpp" />
		<Unit filename="src/ScreenManager.cpp">
			<Option weight="62" />
		</Unit>
		<Unit filename="src/Screens/SplashScreen.cpp" />
		<Unit filename="src/Screens/TestScreen.cpp" />
		<Unit filename="src/Screens/TitleScreen.cpp" />
		<Unit filename="src/SoundMixer.cpp" />
		<Unit filename="src/Sprite.cpp" />
		<Unit filename="src/SpriteBatch.cpp" />
		<Unit filename="src/Tile.cpp" />
		<Unit filename="src/_vector2i.cpp" />
		<Unit filename="src/global_vars.cpp" />
		<Extensions>
			<code_completion />
			<debugger />
			<envvars />
		</Extensions>
	</Project>
</CodeBlocks_project_file>
